
Microsoft Visual Studio Solution File, Format Version 12.00
# Visual Studio Version 16
VisualStudioVersion = 16.0.29926.136
MinimumVisualStudioVersion = 10.0.40219.1
Project("{FAE04EC0-301F-11D3-BF4B-00C04F79EFBC}") = "loofer", "loofer.csproj", "{BD1252D3-8251-41EE-8F0D-9E7B0CA43611}"
EndProject
Global
	GlobalSection(SolutionConfigurationPlatforms) = preSolution
		Debug|Any CPU = Debug|Any CPU
		Release|Any CPU = Release|Any CPU
	EndGlobalSection
	GlobalSection(ProjectConfigurationPlatforms) = postSolution
		{BD1252D3-8251-41EE-8F0D-9E7B0CA43611}.Debug|Any CPU.ActiveCfg = Debug|Any CPU
		{BD1252D3-8251-41EE-8F0D-9E7B0CA43611}.Debug|Any CPU.Build.0 = Debug|Any CPU
		{BD1252D3-8251-41EE-8F0D-9E7B0CA43611}.Release|Any CPU.ActiveCfg = Release|Any CPU
		{BD1252D3-8251-41EE-8F0D-9E7B0CA43611}.Release|Any CPU.Build.0 = Release|Any CPU
	EndGlobalSection
	GlobalSection(SolutionProperties) = preSolution
		HideSolutionNode = FALSE
	EndGlobalSection
	GlobalSection(ExtensibilityGlobals) = postSolution
		SolutionGuid = {5E8DC597-5B5C-408C-9149-E1518BCCCD6A}
	EndGlobalSection
EndGlobal
